{
  "name": "remixjs-events",
  "version": "0.0.1",
  "lockfileVersion": 1,
  "requires": true,
  "dependencies": {
    "camelcase": {
      "version": "5.3.1",
      "resolved": "https://registry.npmjs.org/camelcase/-/camelcase-5.3.1.tgz",
      "integrity": "sha512-L28STB170nwWS63UjtlEOE3dldQApaJXZkOI1uMFfzf3rRuPegHaHesyee+YxQ+W6SvRDQV6UrdOdRiR153wJg=="
    },
    "fs-extra": {
      "version": "8.1.0",
      "resolved": "https://registry.npmjs.org/fs-extra/-/fs-extra-8.1.0.tgz",
      "integrity": "sha512-yhlQgA6mnOJUKOsRUFsgJdQCvkKhcz8tlZG5HBQfReYZy46OwLcY+Zia0mtdHsOo9y/hP+CxMN0TU9QxoOtG4g==",
      "requires": {
        "graceful-fs": "4.2.2",
        "jsonfile": "4.0.0",
        "universalify": "0.1.2"
      }
    },
    "graceful-fs": {
      "version": "4.2.2",
      "resolved": "https://registry.npmjs.org/graceful-fs/-/graceful-fs-4.2.2.tgz",
      "integrity": "sha512-IItsdsea19BoLC7ELy13q1iJFNmd7ofZH5+X/pJr90/nRoPEX0DJo1dHDbgtYWOhJhcCgMDTOw84RZ72q6lB+Q=="
    },
    "jsonfile": {
      "version": "4.0.0",
      "resolved": "https://registry.npmjs.org/jsonfile/-/jsonfile-4.0.0.tgz",
      "integrity": "sha1-h3Gq4HmbZAdrdmQPygWPnBDjPss=",
      "requires": {
        "graceful-fs": "4.2.2"
      }
    },
    "mustache": {
      "version": "3.1.0",
      "resolved": "https://registry.npmjs.org/mustache/-/mustache-3.1.0.tgz",
      "integrity": "sha512-3Bxq1R5LBZp7fbFPZzFe5WN4s0q3+gxZaZuZVY+QctYJiCiVgXHOTIC0/HgZuOPFt/6BQcx5u0H2CUOxT/RoGQ=="
    },
    "remixjs-events": {
      "version": "0.0.1",
      "resolved": "https://registry.npmjs.org/remixjs-events/-/remixjs-events-0.0.1.tgz",
      "integrity": "sha512-PlwZZ6zt2JjJ6B9xEHR2XYF8yIHDebZ4JP8d7/Xig7K7xXve8ix67stOGlXbA2rPVU22d7Ww/JDuR1TFvUVjKQ=="
    },
    "remixjs-xml": {
      "version": "0.0.1",
      "resolved": "https://registry.npmjs.org/remixjs-xml/-/remixjs-xml-0.0.1.tgz",
      "integrity": "sha512-tnbbpGQGqxJVY3Wk2VwlU2DbErexS116karwn6NsnPYKsG8FHUR98gACBqnNRDAnKwpY6/KRMbPzSkDqPHe86A==",
      "requires": {
        "camelcase": "5.3.1",
        "fs-extra": "8.1.0",
        "mustache": "3.1.0",
        "remixjs-events": "0.0.1"
      }
    },
    "universalify": {
      "version": "0.1.2",
      "resolved": "https://registry.npmjs.org/universalify/-/universalify-0.1.2.tgz",
      "integrity": "sha512-rBJeI5CXAlmy1pV+617WB9J63U6XcazHHF2f2dbJix4XzpUF0RS3Zbj0FGIOCAva5P/d/GBOYaACQ1w+0azUkg=="
    }
  }
}
